{
    "_meta": {
        "hash": {
            "sha256": "76671ae80c75e07371580c2c5323b24e97150cb8f58d5a07aba3a0c8d804ccbf"
        },
        "pipfile-spec": 6,
        "requires": {
            "python_version": "3.9"
        },
        "sources": [
            {
                "name": "pypi",
                "url": "https://pypi.org/simple",
                "verify_ssl": true
            }
        ]
    },
    "default": {
        "lark": {
            "hashes": [
                "sha256:10818563b44e18ea264b5013a80fe04406999ad51bacc74214f69f13d95af6e1",
                "sha256:2269dee215e6c689d5ce9d34fdc6e749d0c1c763add3fc7935938ebd7da159cb"
            ],
            "index": "pypi",
            "version": "==1.0.0"
        }
    },
    "develop": {}
}
